
Microsoft Visual Studio Solution File, Format Version 12.00
# Visual Studio 15
VisualStudioVersion = 15.0.27130.2010
MinimumVisualStudioVersion = 10.0.40219.1
Project("{E24C65DC-7377-472B-9ABA-BC803B73C61A}") = "Matrix.Agent.Registry.Web", ".\Matrix.Agent.Registry.Web\", "{DF2C2A9D-912B-4676-BD47-B9CD3DB2757B}"
	ProjectSection(WebsiteProperties) = preProject
		TargetFrameworkMoniker = ".NETFramework,Version%3Dv4.0"
		Debug.AspNetCompiler.VirtualPath = "/localhost_4224"
		Debug.AspNetCompiler.PhysicalPath = ".\Matrix.Agent.Registry.Web\"
		Debug.AspNetCompiler.TargetPath = "PrecompiledWeb\localhost_4224\"
		Debug.AspNetCompiler.Updateable = "true"
		Debug.AspNetCompiler.ForceOverwrite = "true"
		Debug.AspNetCompiler.FixedNames = "false"
		Debug.AspNetCompiler.Debug = "True"
		Release.AspNetCompiler.VirtualPath = "/localhost_4224"
		Release.AspNetCompiler.PhysicalPath = ".\Matrix.Agent.Registry.Web\"
		Release.AspNetCompiler.TargetPath = "PrecompiledWeb\localhost_4224\"
		Release.AspNetCompiler.Updateable = "true"
		Release.AspNetCompiler.ForceOverwrite = "true"
		Release.AspNetCompiler.FixedNames = "false"
		Release.AspNetCompiler.Debug = "False"
		VWDPort = "4224"
		SlnRelativePath = ".\Matrix.Agent.Registry.Web\"
	EndProjectSection
EndProject
Global
	GlobalSection(SolutionConfigurationPlatforms) = preSolution
		Debug|Any CPU = Debug|Any CPU
	EndGlobalSection
	GlobalSection(ProjectConfigurationPlatforms) = postSolution
		{DF2C2A9D-912B-4676-BD47-B9CD3DB2757B}.Debug|Any CPU.ActiveCfg = Debug|Any CPU
		{DF2C2A9D-912B-4676-BD47-B9CD3DB2757B}.Debug|Any CPU.Build.0 = Debug|Any CPU
	EndGlobalSection
	GlobalSection(SolutionProperties) = preSolution
		HideSolutionNode = FALSE
	EndGlobalSection
	GlobalSection(ExtensibilityGlobals) = postSolution
		SolutionGuid = {B09537F9-E672-4411-B591-4B466B281783}
	EndGlobalSection
EndGlobal
