
Microsoft Visual Studio Solution File, Format Version 12.00
# Visual Studio 15
VisualStudioVersion = 15.0.27130.2010
MinimumVisualStudioVersion = 10.0.40219.1
Project("{FAE04EC0-301F-11D3-BF4B-00C04F79EFBC}") = "Matrix", "Matrix\Matrix.csproj", "{417EAF1B-53EC-4D8A-AE92-6370C3DE0AC7}"
EndProject
Project("{FAE04EC0-301F-11D3-BF4B-00C04F79EFBC}") = "Matrix.SDK", "Matrix.SDK\Matrix.SDK.csproj", "{5B4CE370-A1A1-405C-8FF0-CDEFF39BD50F}"
EndProject
Project("{FAE04EC0-301F-11D3-BF4B-00C04F79EFBC}") = "Matrix.CLI", "Matrix.CLI\Matrix.CLI.csproj", "{FA10574A-13E0-4554-9260-6827B77614EB}"
EndProject
Project("{FAE04EC0-301F-11D3-BF4B-00C04F79EFBC}") = "Matrix.Agent.Messages", "Matrix.Agent.Messages\Matrix.Agent.Messages.csproj", "{3BE9ED63-8BEA-4E17-A627-A6885D3142CF}"
EndProject
Project("{FAE04EC0-301F-11D3-BF4B-00C04F79EFBC}") = "Matrix.Health.Monitor", "Matrix.Health.Monitor\Matrix.Health.Monitor.csproj", "{6C76B2B7-32D3-4D93-A378-2A70E6D9A1EB}"
EndProject
Project("{2150E333-8FDC-42A3-9474-1A3956D46DE8}") = "Agents", "Agents", "{B23944DF-848E-4994-B5E5-68BB21AEC2B4}"
EndProject
Project("{FAE04EC0-301F-11D3-BF4B-00C04F79EFBC}") = "Matrix.Agent.Business", "Matrix.Agent.Business\Matrix.Agent.Business.csproj", "{8701DDAE-ACE4-4E8B-B159-35CFD7B4BD4D}"
EndProject
Project("{FAE04EC0-301F-11D3-BF4B-00C04F79EFBC}") = "Matrix.Agent.Configuration", "Matrix.Agent.Configuration\Matrix.Agent.Configuration.csproj", "{28523DA5-E3EC-498A-BF0F-619A6432BE9C}"
EndProject
Project("{FAE04EC0-301F-11D3-BF4B-00C04F79EFBC}") = "Matrix.Agent.Database", "Matrix.Agent.Database\Matrix.Agent.Database.csproj", "{36036F83-D845-4DFB-AC67-3D5DD0A3230F}"
EndProject
Project("{FAE04EC0-301F-11D3-BF4B-00C04F79EFBC}") = "Matrix.Agent.Host", "Matrix.Agent.Host\Matrix.Agent.Host.csproj", "{BC4DF31A-B780-4FE7-A556-879C00D24391}"
EndProject
Project("{FAE04EC0-301F-11D3-BF4B-00C04F79EFBC}") = "Matrix.Agent.Jobs", "Matrix.Agent.Jobs\Matrix.Agent.Jobs.csproj", "{F5053711-2918-4481-967C-6CA5EFABE472}"
EndProject
Project("{2150E333-8FDC-42A3-9474-1A3956D46DE8}") = "Journal", "Journal", "{4CDE9CA6-F0C1-4A23-B800-A6BCBA55E997}"
EndProject
Project("{FAE04EC0-301F-11D3-BF4B-00C04F79EFBC}") = "Matrix.Agent.Journal", "Matrix.Agent.Journal\Matrix.Agent.Journal.csproj", "{8718AAD9-96B8-40D5-B1F1-ED92E2225267}"
EndProject
Project("{FAE04EC0-301F-11D3-BF4B-00C04F79EFBC}") = "Matrix.Agent.Journal.Bus", "Matrix.Agent.Journal.Bus\Matrix.Agent.Journal.Bus.csproj", "{3476A87E-099F-4F90-95ED-FB79E58625D2}"
EndProject
Project("{FAE04EC0-301F-11D3-BF4B-00C04F79EFBC}") = "Matrix.Agent.Journal.Business", "Matrix.Agent.Journal.Business\Matrix.Agent.Journal.Business.csproj", "{616E0562-B6D0-43EE-B890-7CDD572AF275}"
EndProject
Project("{FAE04EC0-301F-11D3-BF4B-00C04F79EFBC}") = "Matrix.Agent.Journal.Database", "Matrix.Agent.Journal.Database\Matrix.Agent.Journal.Database.csproj", "{5C266E94-A851-4402-8CE6-82834519D464}"
EndProject
Project("{FAE04EC0-301F-11D3-BF4B-00C04F79EFBC}") = "Matrix.Agent.Journal.Database.Test", "Matrix.Agent.Journal.Database.Test\Matrix.Agent.Journal.Database.Test.csproj", "{2A31011E-0716-49C3-8D4A-D90F961E28D7}"
EndProject
Project("{FAE04EC0-301F-11D3-BF4B-00C04F79EFBC}") = "Matrix.Agent.Journal.Model", "Matrix.Agent.Journal.Model\Matrix.Agent.Journal.Model.csproj", "{241A99F5-147D-40CD-9A18-4B50E8506F77}"
EndProject
Project("{2150E333-8FDC-42A3-9474-1A3956D46DE8}") = "Registry", "Registry", "{2250DEA9-840C-49D3-928C-196947D37D88}"
EndProject
Project("{FAE04EC0-301F-11D3-BF4B-00C04F79EFBC}") = "Matrix.Agent.Registry", "Matrix.Agent.Registry\Matrix.Agent.Registry.csproj", "{FC91133D-83F0-490B-83F2-E8F9B66FFE05}"
EndProject
Project("{FAE04EC0-301F-11D3-BF4B-00C04F79EFBC}") = "Matrix.Agent.Registry.Bus", "Matrix.Agent.Registry.Bus\Matrix.Agent.Registry.Bus.csproj", "{592AABDA-4937-4C63-9510-A46A4DE55A5F}"
EndProject
Project("{FAE04EC0-301F-11D3-BF4B-00C04F79EFBC}") = "Matrix.Agent.Registry.Business", "Matrix.Agent.Registry.Business\Matrix.Agent.Registry.Business.csproj", "{53DAD363-D195-4242-A3F6-BCC5CCAD3412}"
EndProject
Project("{FAE04EC0-301F-11D3-BF4B-00C04F79EFBC}") = "Matrix.Agent.Registry.Database", "Matrix.Agent.Registry.Database\Matrix.Agent.Registry.Database.csproj", "{C71454D7-AB88-4A1B-B1E9-2664DF20D99B}"
EndProject
Project("{FAE04EC0-301F-11D3-BF4B-00C04F79EFBC}") = "Matrix.Agent.Registry.Database.Test", "Matrix.Agent.Registry.Database.Test\Matrix.Agent.Registry.Database.Test.csproj", "{31AC4B43-CC92-4240-BA88-39025DC1A2B3}"
EndProject
Project("{FAE04EC0-301F-11D3-BF4B-00C04F79EFBC}") = "Matrix.Agent.Model", "Matrix.Agent.Model\Matrix.Agent.Model.csproj", "{323FF002-B65E-4DCC-9FAD-1C322AD54B76}"
EndProject
Project("{FAE04EC0-301F-11D3-BF4B-00C04F79EFBC}") = "Matrix.Agent.Middlewares", "Matrix.Agent.Middlewares\Matrix.Agent.Middlewares.csproj", "{AE4684DC-C491-4BAE-80C2-5998DAF583D8}"
EndProject
Project("{2150E333-8FDC-42A3-9474-1A3956D46DE8}") = "Configuration", "Configuration", "{792259C2-082C-45A0-80A3-3B5B3A52471B}"
EndProject
Project("{9A19103F-16F7-4668-BE54-9A1E7A4F7556}") = "Matrix.Agent.Configurator.Model", "Matrix.Agent.Configurator.Model\Matrix.Agent.Configurator.Model.csproj", "{F73C510C-AC1A-45F0-B0F5-475CA76BBE72}"
EndProject
Project("{2150E333-8FDC-42A3-9474-1A3956D46DE8}") = "Directory", "Directory", "{3999BCF8-2819-4156-9C75-602C160419F7}"
EndProject
Project("{FAE04EC0-301F-11D3-BF4B-00C04F79EFBC}") = "Matrix.Agent.Configurator.Database", "Matrix.Agent.Configurator.Database\Matrix.Agent.Configurator.Database.csproj", "{7C7585E8-DF91-46FD-958C-1FED2239CFD0}"
EndProject
Project("{FAE04EC0-301F-11D3-BF4B-00C04F79EFBC}") = "Matrix.Agent.Configurator.Business", "Matrix.Agent.Configurator.Business\Matrix.Agent.Configurator.Business.csproj", "{0BA0F20F-ECE4-4BA1-A32D-B5B94923A33C}"
EndProject
Project("{FAE04EC0-301F-11D3-BF4B-00C04F79EFBC}") = "Matrix.Agent.Configurator.Bus", "Matrix.Agent.Configurator.Bus\Matrix.Agent.Configurator.Bus.csproj", "{F48AC5D3-F7ED-4A4D-99DD-2435C1FB2F5D}"
EndProject
Project("{FAE04EC0-301F-11D3-BF4B-00C04F79EFBC}") = "Matrix.Agent.Configurator.Messages", "Matrix.Agent.Configurator.Messages\Matrix.Agent.Configurator.Messages.csproj", "{53B20EB6-DB21-4A7B-A8F5-A6A6EA1AF723}"
EndProject
Project("{FAE04EC0-301F-11D3-BF4B-00C04F79EFBC}") = "Matrix.Agent.Journal.Messages", "Matrix.Agent.Journal.Messages\Matrix.Agent.Journal.Messages.csproj", "{E49685CD-E0B7-40D7-BA6E-2090E7A023C6}"
EndProject
Project("{FAE04EC0-301F-11D3-BF4B-00C04F79EFBC}") = "Matrix.Agent.Configurator", "Matrix.Agent.Configurator\Matrix.Agent.Configurator.csproj", "{B22642F0-EFF2-4929-B004-33E703CF0D71}"
EndProject
Project("{FAE04EC0-301F-11D3-BF4B-00C04F79EFBC}") = "Matrix.Agent.Directory.Model", "Matrix.Agent.Directory.Model\Matrix.Agent.Directory.Model.csproj", "{6B6D5715-1048-405B-BADC-F1716E191436}"
EndProject
Project("{FAE04EC0-301F-11D3-BF4B-00C04F79EFBC}") = "Matrix.Agent.Directory.Database", "Matrix.Agent.Directory.Database\Matrix.Agent.Directory.Database.csproj", "{11234BA1-55F0-4CAF-823F-260BCDEB2B1E}"
EndProject
Project("{FAE04EC0-301F-11D3-BF4B-00C04F79EFBC}") = "Matrix.Agent.Database.SqlServer", "Matrix.Agent.Database.SqlServer\Matrix.Agent.Database.SqlServer.csproj", "{2418908D-2FFD-4649-9276-C556DFC162AE}"
EndProject
Project("{FAE04EC0-301F-11D3-BF4B-00C04F79EFBC}") = "Matrix.Agent.Database.Embedded", "Matrix.Agent.Database.Embedded\Matrix.Agent.Database.Embedded.csproj", "{182FFDF3-C665-4781-8FC6-3FB5024C788F}"
EndProject
Project("{FAE04EC0-301F-11D3-BF4B-00C04F79EFBC}") = "Matrix.Agent.Directory.Business", "Matrix.Agent.Directory.Business\Matrix.Agent.Directory.Business.csproj", "{77B9ABC4-C35D-4F87-AFD4-4EC53BE8A96B}"
EndProject
Project("{FAE04EC0-301F-11D3-BF4B-00C04F79EFBC}") = "Matrix.Agent.Directory.Bus", "Matrix.Agent.Directory.Bus\Matrix.Agent.Directory.Bus.csproj", "{07DE72B1-7D5F-4805-8ECF-9012AEEE4CD4}"
EndProject
Project("{FAE04EC0-301F-11D3-BF4B-00C04F79EFBC}") = "Matrix.Agent.Registry.Model", "Matrix.Agent.Registry.Model\Matrix.Agent.Registry.Model.csproj", "{B8EEDBD9-8409-41A1-9B80-F4387971C099}"
EndProject
Project("{FAE04EC0-301F-11D3-BF4B-00C04F79EFBC}") = "Matrix.Agent.Registry.Messages", "Matrix.Agent.Registry.Messages\Matrix.Agent.Registry.Messages.csproj", "{403E1779-DA5A-4E95-8147-2F477E690870}"
EndProject
Project("{FAE04EC0-301F-11D3-BF4B-00C04F79EFBC}") = "Matrix.Agent.Directory", "Matrix.Agent.Directory\Matrix.Agent.Directory.csproj", "{BD2D0928-853B-49A9-8EA9-8F6D8FCE4D23}"
EndProject
Project("{FAE04EC0-301F-11D3-BF4B-00C04F79EFBC}") = "Matrix.Agent.Directory.Messages", "Matrix.Agent.Directory.Messages\Matrix.Agent.Directory.Messages.csproj", "{C7EB066A-5E61-4B68-A567-0527F8553198}"
EndProject
Project("{2150E333-8FDC-42A3-9474-1A3956D46DE8}") = "Docs", "Docs", "{68C9B240-1350-4FFB-BE4D-CEFE7B1E06C4}"
EndProject
Project("{2150E333-8FDC-42A3-9474-1A3956D46DE8}") = "Postman", "Postman", "{337B4D1F-1CFD-4729-B2CB-9B0476756118}"
EndProject
Project("{FAE04EC0-301F-11D3-BF4B-00C04F79EFBC}") = "Matrix.Agent.Postman.Model", "Matrix.Agent.Postman.Model\Matrix.Agent.Postman.Model.csproj", "{43AB7ABF-CD22-454D-81D3-47C3392A22B6}"
EndProject
Project("{FAE04EC0-301F-11D3-BF4B-00C04F79EFBC}") = "Matrix.Agent.Postman.Database", "Matrix.Agent.Postman.Database\Matrix.Agent.Postman.Database.csproj", "{6D9028DC-91F3-4CB9-8CFC-ED291C75EA64}"
EndProject
Project("{FAE04EC0-301F-11D3-BF4B-00C04F79EFBC}") = "Matrix.Agent.Postman.Business", "Matrix.Agent.Postman.Business\Matrix.Agent.Postman.Business.csproj", "{3353B0AA-E9D3-4485-AD29-DA9A1BF862CD}"
EndProject
Project("{FAE04EC0-301F-11D3-BF4B-00C04F79EFBC}") = "Matrix.Agent.Postman.Bus", "Matrix.Agent.Postman.Bus\Matrix.Agent.Postman.Bus.csproj", "{81FA1FDD-ED35-4BD4-B64C-9553A85732DD}"
EndProject
Project("{FAE04EC0-301F-11D3-BF4B-00C04F79EFBC}") = "Matrix.Agent.Postman.Messages", "Matrix.Agent.Postman.Messages\Matrix.Agent.Postman.Messages.csproj", "{4F389E27-5BC8-48BC-A72B-1BC8D5E9831C}"
EndProject
Project("{FAE04EC0-301F-11D3-BF4B-00C04F79EFBC}") = "Matrix.Agent.Postman", "Matrix.Agent.Postman\Matrix.Agent.Postman.csproj", "{ABFB9BA9-787A-4A4A-9E1E-3FFA7075B1AD}"
EndProject
Global
	GlobalSection(SolutionConfigurationPlatforms) = preSolution
		Debug|Any CPU = Debug|Any CPU
		Release|Any CPU = Release|Any CPU
	EndGlobalSection
	GlobalSection(ProjectConfigurationPlatforms) = postSolution
		{417EAF1B-53EC-4D8A-AE92-6370C3DE0AC7}.Debug|Any CPU.ActiveCfg = Debug|Any CPU
		{417EAF1B-53EC-4D8A-AE92-6370C3DE0AC7}.Debug|Any CPU.Build.0 = Debug|Any CPU
		{417EAF1B-53EC-4D8A-AE92-6370C3DE0AC7}.Release|Any CPU.ActiveCfg = Release|Any CPU
		{417EAF1B-53EC-4D8A-AE92-6370C3DE0AC7}.Release|Any CPU.Build.0 = Release|Any CPU
		{5B4CE370-A1A1-405C-8FF0-CDEFF39BD50F}.Debug|Any CPU.ActiveCfg = Debug|Any CPU
		{5B4CE370-A1A1-405C-8FF0-CDEFF39BD50F}.Debug|Any CPU.Build.0 = Debug|Any CPU
		{5B4CE370-A1A1-405C-8FF0-CDEFF39BD50F}.Release|Any CPU.ActiveCfg = Release|Any CPU
		{5B4CE370-A1A1-405C-8FF0-CDEFF39BD50F}.Release|Any CPU.Build.0 = Release|Any CPU
		{FA10574A-13E0-4554-9260-6827B77614EB}.Debug|Any CPU.ActiveCfg = Debug|Any CPU
		{FA10574A-13E0-4554-9260-6827B77614EB}.Debug|Any CPU.Build.0 = Debug|Any CPU
		{FA10574A-13E0-4554-9260-6827B77614EB}.Release|Any CPU.ActiveCfg = Release|Any CPU
		{FA10574A-13E0-4554-9260-6827B77614EB}.Release|Any CPU.Build.0 = Release|Any CPU
		{3BE9ED63-8BEA-4E17-A627-A6885D3142CF}.Debug|Any CPU.ActiveCfg = Debug|Any CPU
		{3BE9ED63-8BEA-4E17-A627-A6885D3142CF}.Debug|Any CPU.Build.0 = Debug|Any CPU
		{3BE9ED63-8BEA-4E17-A627-A6885D3142CF}.Release|Any CPU.ActiveCfg = Release|Any CPU
		{3BE9ED63-8BEA-4E17-A627-A6885D3142CF}.Release|Any CPU.Build.0 = Release|Any CPU
		{6C76B2B7-32D3-4D93-A378-2A70E6D9A1EB}.Debug|Any CPU.ActiveCfg = Debug|Any CPU
		{6C76B2B7-32D3-4D93-A378-2A70E6D9A1EB}.Debug|Any CPU.Build.0 = Debug|Any CPU
		{6C76B2B7-32D3-4D93-A378-2A70E6D9A1EB}.Release|Any CPU.ActiveCfg = Release|Any CPU
		{6C76B2B7-32D3-4D93-A378-2A70E6D9A1EB}.Release|Any CPU.Build.0 = Release|Any CPU
		{8701DDAE-ACE4-4E8B-B159-35CFD7B4BD4D}.Debug|Any CPU.ActiveCfg = Debug|Any CPU
		{8701DDAE-ACE4-4E8B-B159-35CFD7B4BD4D}.Debug|Any CPU.Build.0 = Debug|Any CPU
		{8701DDAE-ACE4-4E8B-B159-35CFD7B4BD4D}.Release|Any CPU.ActiveCfg = Release|Any CPU
		{8701DDAE-ACE4-4E8B-B159-35CFD7B4BD4D}.Release|Any CPU.Build.0 = Release|Any CPU
		{28523DA5-E3EC-498A-BF0F-619A6432BE9C}.Debug|Any CPU.ActiveCfg = Debug|Any CPU
		{28523DA5-E3EC-498A-BF0F-619A6432BE9C}.Debug|Any CPU.Build.0 = Debug|Any CPU
		{28523DA5-E3EC-498A-BF0F-619A6432BE9C}.Release|Any CPU.ActiveCfg = Release|Any CPU
		{28523DA5-E3EC-498A-BF0F-619A6432BE9C}.Release|Any CPU.Build.0 = Release|Any CPU
		{36036F83-D845-4DFB-AC67-3D5DD0A3230F}.Debug|Any CPU.ActiveCfg = Debug|Any CPU
		{36036F83-D845-4DFB-AC67-3D5DD0A3230F}.Debug|Any CPU.Build.0 = Debug|Any CPU
		{36036F83-D845-4DFB-AC67-3D5DD0A3230F}.Release|Any CPU.ActiveCfg = Release|Any CPU
		{36036F83-D845-4DFB-AC67-3D5DD0A3230F}.Release|Any CPU.Build.0 = Release|Any CPU
		{BC4DF31A-B780-4FE7-A556-879C00D24391}.Debug|Any CPU.ActiveCfg = Debug|Any CPU
		{BC4DF31A-B780-4FE7-A556-879C00D24391}.Debug|Any CPU.Build.0 = Debug|Any CPU
		{BC4DF31A-B780-4FE7-A556-879C00D24391}.Release|Any CPU.ActiveCfg = Release|Any CPU
		{BC4DF31A-B780-4FE7-A556-879C00D24391}.Release|Any CPU.Build.0 = Release|Any CPU
		{F5053711-2918-4481-967C-6CA5EFABE472}.Debug|Any CPU.ActiveCfg = Debug|Any CPU
		{F5053711-2918-4481-967C-6CA5EFABE472}.Debug|Any CPU.Build.0 = Debug|Any CPU
		{F5053711-2918-4481-967C-6CA5EFABE472}.Release|Any CPU.ActiveCfg = Release|Any CPU
		{F5053711-2918-4481-967C-6CA5EFABE472}.Release|Any CPU.Build.0 = Release|Any CPU
		{8718AAD9-96B8-40D5-B1F1-ED92E2225267}.Debug|Any CPU.ActiveCfg = Debug|Any CPU
		{8718AAD9-96B8-40D5-B1F1-ED92E2225267}.Debug|Any CPU.Build.0 = Debug|Any CPU
		{8718AAD9-96B8-40D5-B1F1-ED92E2225267}.Release|Any CPU.ActiveCfg = Release|Any CPU
		{8718AAD9-96B8-40D5-B1F1-ED92E2225267}.Release|Any CPU.Build.0 = Release|Any CPU
		{3476A87E-099F-4F90-95ED-FB79E58625D2}.Debug|Any CPU.ActiveCfg = Debug|Any CPU
		{3476A87E-099F-4F90-95ED-FB79E58625D2}.Debug|Any CPU.Build.0 = Debug|Any CPU
		{3476A87E-099F-4F90-95ED-FB79E58625D2}.Release|Any CPU.ActiveCfg = Release|Any CPU
		{3476A87E-099F-4F90-95ED-FB79E58625D2}.Release|Any CPU.Build.0 = Release|Any CPU
		{616E0562-B6D0-43EE-B890-7CDD572AF275}.Debug|Any CPU.ActiveCfg = Debug|Any CPU
		{616E0562-B6D0-43EE-B890-7CDD572AF275}.Debug|Any CPU.Build.0 = Debug|Any CPU
		{616E0562-B6D0-43EE-B890-7CDD572AF275}.Release|Any CPU.ActiveCfg = Release|Any CPU
		{616E0562-B6D0-43EE-B890-7CDD572AF275}.Release|Any CPU.Build.0 = Release|Any CPU
		{5C266E94-A851-4402-8CE6-82834519D464}.Debug|Any CPU.ActiveCfg = Debug|Any CPU
		{5C266E94-A851-4402-8CE6-82834519D464}.Debug|Any CPU.Build.0 = Debug|Any CPU
		{5C266E94-A851-4402-8CE6-82834519D464}.Release|Any CPU.ActiveCfg = Release|Any CPU
		{5C266E94-A851-4402-8CE6-82834519D464}.Release|Any CPU.Build.0 = Release|Any CPU
		{2A31011E-0716-49C3-8D4A-D90F961E28D7}.Debug|Any CPU.ActiveCfg = Debug|Any CPU
		{2A31011E-0716-49C3-8D4A-D90F961E28D7}.Debug|Any CPU.Build.0 = Debug|Any CPU
		{2A31011E-0716-49C3-8D4A-D90F961E28D7}.Release|Any CPU.ActiveCfg = Release|Any CPU
		{2A31011E-0716-49C3-8D4A-D90F961E28D7}.Release|Any CPU.Build.0 = Release|Any CPU
		{241A99F5-147D-40CD-9A18-4B50E8506F77}.Debug|Any CPU.ActiveCfg = Debug|Any CPU
		{241A99F5-147D-40CD-9A18-4B50E8506F77}.Debug|Any CPU.Build.0 = Debug|Any CPU
		{241A99F5-147D-40CD-9A18-4B50E8506F77}.Release|Any CPU.ActiveCfg = Release|Any CPU
		{241A99F5-147D-40CD-9A18-4B50E8506F77}.Release|Any CPU.Build.0 = Release|Any CPU
		{FC91133D-83F0-490B-83F2-E8F9B66FFE05}.Debug|Any CPU.ActiveCfg = Debug|Any CPU
		{FC91133D-83F0-490B-83F2-E8F9B66FFE05}.Debug|Any CPU.Build.0 = Debug|Any CPU
		{FC91133D-83F0-490B-83F2-E8F9B66FFE05}.Release|Any CPU.ActiveCfg = Release|Any CPU
		{FC91133D-83F0-490B-83F2-E8F9B66FFE05}.Release|Any CPU.Build.0 = Release|Any CPU
		{592AABDA-4937-4C63-9510-A46A4DE55A5F}.Debug|Any CPU.ActiveCfg = Debug|Any CPU
		{592AABDA-4937-4C63-9510-A46A4DE55A5F}.Debug|Any CPU.Build.0 = Debug|Any CPU
		{592AABDA-4937-4C63-9510-A46A4DE55A5F}.Release|Any CPU.ActiveCfg = Release|Any CPU
		{592AABDA-4937-4C63-9510-A46A4DE55A5F}.Release|Any CPU.Build.0 = Release|Any CPU
		{53DAD363-D195-4242-A3F6-BCC5CCAD3412}.Debug|Any CPU.ActiveCfg = Debug|Any CPU
		{53DAD363-D195-4242-A3F6-BCC5CCAD3412}.Debug|Any CPU.Build.0 = Debug|Any CPU
		{53DAD363-D195-4242-A3F6-BCC5CCAD3412}.Release|Any CPU.ActiveCfg = Release|Any CPU
		{53DAD363-D195-4242-A3F6-BCC5CCAD3412}.Release|Any CPU.Build.0 = Release|Any CPU
		{C71454D7-AB88-4A1B-B1E9-2664DF20D99B}.Debug|Any CPU.ActiveCfg = Debug|Any CPU
		{C71454D7-AB88-4A1B-B1E9-2664DF20D99B}.Debug|Any CPU.Build.0 = Debug|Any CPU
		{C71454D7-AB88-4A1B-B1E9-2664DF20D99B}.Release|Any CPU.ActiveCfg = Release|Any CPU
		{C71454D7-AB88-4A1B-B1E9-2664DF20D99B}.Release|Any CPU.Build.0 = Release|Any CPU
		{31AC4B43-CC92-4240-BA88-39025DC1A2B3}.Debug|Any CPU.ActiveCfg = Debug|Any CPU
		{31AC4B43-CC92-4240-BA88-39025DC1A2B3}.Debug|Any CPU.Build.0 = Debug|Any CPU
		{31AC4B43-CC92-4240-BA88-39025DC1A2B3}.Release|Any CPU.ActiveCfg = Release|Any CPU
		{31AC4B43-CC92-4240-BA88-39025DC1A2B3}.Release|Any CPU.Build.0 = Release|Any CPU
		{323FF002-B65E-4DCC-9FAD-1C322AD54B76}.Debug|Any CPU.ActiveCfg = Debug|Any CPU
		{323FF002-B65E-4DCC-9FAD-1C322AD54B76}.Debug|Any CPU.Build.0 = Debug|Any CPU
		{323FF002-B65E-4DCC-9FAD-1C322AD54B76}.Release|Any CPU.ActiveCfg = Release|Any CPU
		{323FF002-B65E-4DCC-9FAD-1C322AD54B76}.Release|Any CPU.Build.0 = Release|Any CPU
		{AE4684DC-C491-4BAE-80C2-5998DAF583D8}.Debug|Any CPU.ActiveCfg = Debug|Any CPU
		{AE4684DC-C491-4BAE-80C2-5998DAF583D8}.Debug|Any CPU.Build.0 = Debug|Any CPU
		{AE4684DC-C491-4BAE-80C2-5998DAF583D8}.Release|Any CPU.ActiveCfg = Release|Any CPU
		{AE4684DC-C491-4BAE-80C2-5998DAF583D8}.Release|Any CPU.Build.0 = Release|Any CPU
		{F73C510C-AC1A-45F0-B0F5-475CA76BBE72}.Debug|Any CPU.ActiveCfg = Debug|Any CPU
		{F73C510C-AC1A-45F0-B0F5-475CA76BBE72}.Debug|Any CPU.Build.0 = Debug|Any CPU
		{F73C510C-AC1A-45F0-B0F5-475CA76BBE72}.Release|Any CPU.ActiveCfg = Release|Any CPU
		{F73C510C-AC1A-45F0-B0F5-475CA76BBE72}.Release|Any CPU.Build.0 = Release|Any CPU
		{7C7585E8-DF91-46FD-958C-1FED2239CFD0}.Debug|Any CPU.ActiveCfg = Debug|Any CPU
		{7C7585E8-DF91-46FD-958C-1FED2239CFD0}.Debug|Any CPU.Build.0 = Debug|Any CPU
		{7C7585E8-DF91-46FD-958C-1FED2239CFD0}.Release|Any CPU.ActiveCfg = Release|Any CPU
		{7C7585E8-DF91-46FD-958C-1FED2239CFD0}.Release|Any CPU.Build.0 = Release|Any CPU
		{0BA0F20F-ECE4-4BA1-A32D-B5B94923A33C}.Debug|Any CPU.ActiveCfg = Debug|Any CPU
		{0BA0F20F-ECE4-4BA1-A32D-B5B94923A33C}.Debug|Any CPU.Build.0 = Debug|Any CPU
		{0BA0F20F-ECE4-4BA1-A32D-B5B94923A33C}.Release|Any CPU.ActiveCfg = Release|Any CPU
		{0BA0F20F-ECE4-4BA1-A32D-B5B94923A33C}.Release|Any CPU.Build.0 = Release|Any CPU
		{F48AC5D3-F7ED-4A4D-99DD-2435C1FB2F5D}.Debug|Any CPU.ActiveCfg = Debug|Any CPU
		{F48AC5D3-F7ED-4A4D-99DD-2435C1FB2F5D}.Debug|Any CPU.Build.0 = Debug|Any CPU
		{F48AC5D3-F7ED-4A4D-99DD-2435C1FB2F5D}.Release|Any CPU.ActiveCfg = Release|Any CPU
		{F48AC5D3-F7ED-4A4D-99DD-2435C1FB2F5D}.Release|Any CPU.Build.0 = Release|Any CPU
		{53B20EB6-DB21-4A7B-A8F5-A6A6EA1AF723}.Debug|Any CPU.ActiveCfg = Debug|Any CPU
		{53B20EB6-DB21-4A7B-A8F5-A6A6EA1AF723}.Debug|Any CPU.Build.0 = Debug|Any CPU
		{53B20EB6-DB21-4A7B-A8F5-A6A6EA1AF723}.Release|Any CPU.ActiveCfg = Release|Any CPU
		{53B20EB6-DB21-4A7B-A8F5-A6A6EA1AF723}.Release|Any CPU.Build.0 = Release|Any CPU
		{E49685CD-E0B7-40D7-BA6E-2090E7A023C6}.Debug|Any CPU.ActiveCfg = Debug|Any CPU
		{E49685CD-E0B7-40D7-BA6E-2090E7A023C6}.Debug|Any CPU.Build.0 = Debug|Any CPU
		{E49685CD-E0B7-40D7-BA6E-2090E7A023C6}.Release|Any CPU.ActiveCfg = Release|Any CPU
		{E49685CD-E0B7-40D7-BA6E-2090E7A023C6}.Release|Any CPU.Build.0 = Release|Any CPU
		{B22642F0-EFF2-4929-B004-33E703CF0D71}.Debug|Any CPU.ActiveCfg = Debug|Any CPU
		{B22642F0-EFF2-4929-B004-33E703CF0D71}.Debug|Any CPU.Build.0 = Debug|Any CPU
		{B22642F0-EFF2-4929-B004-33E703CF0D71}.Release|Any CPU.ActiveCfg = Release|Any CPU
		{B22642F0-EFF2-4929-B004-33E703CF0D71}.Release|Any CPU.Build.0 = Release|Any CPU
		{6B6D5715-1048-405B-BADC-F1716E191436}.Debug|Any CPU.ActiveCfg = Debug|Any CPU
		{6B6D5715-1048-405B-BADC-F1716E191436}.Debug|Any CPU.Build.0 = Debug|Any CPU
		{6B6D5715-1048-405B-BADC-F1716E191436}.Release|Any CPU.ActiveCfg = Release|Any CPU
		{6B6D5715-1048-405B-BADC-F1716E191436}.Release|Any CPU.Build.0 = Release|Any CPU
		{11234BA1-55F0-4CAF-823F-260BCDEB2B1E}.Debug|Any CPU.ActiveCfg = Debug|Any CPU
		{11234BA1-55F0-4CAF-823F-260BCDEB2B1E}.Debug|Any CPU.Build.0 = Debug|Any CPU
		{11234BA1-55F0-4CAF-823F-260BCDEB2B1E}.Release|Any CPU.ActiveCfg = Release|Any CPU
		{11234BA1-55F0-4CAF-823F-260BCDEB2B1E}.Release|Any CPU.Build.0 = Release|Any CPU
		{2418908D-2FFD-4649-9276-C556DFC162AE}.Debug|Any CPU.ActiveCfg = Debug|Any CPU
		{2418908D-2FFD-4649-9276-C556DFC162AE}.Debug|Any CPU.Build.0 = Debug|Any CPU
		{2418908D-2FFD-4649-9276-C556DFC162AE}.Release|Any CPU.ActiveCfg = Release|Any CPU
		{2418908D-2FFD-4649-9276-C556DFC162AE}.Release|Any CPU.Build.0 = Release|Any CPU
		{182FFDF3-C665-4781-8FC6-3FB5024C788F}.Debug|Any CPU.ActiveCfg = Debug|Any CPU
		{182FFDF3-C665-4781-8FC6-3FB5024C788F}.Debug|Any CPU.Build.0 = Debug|Any CPU
		{182FFDF3-C665-4781-8FC6-3FB5024C788F}.Release|Any CPU.ActiveCfg = Release|Any CPU
		{182FFDF3-C665-4781-8FC6-3FB5024C788F}.Release|Any CPU.Build.0 = Release|Any CPU
		{77B9ABC4-C35D-4F87-AFD4-4EC53BE8A96B}.Debug|Any CPU.ActiveCfg = Debug|Any CPU
		{77B9ABC4-C35D-4F87-AFD4-4EC53BE8A96B}.Debug|Any CPU.Build.0 = Debug|Any CPU
		{77B9ABC4-C35D-4F87-AFD4-4EC53BE8A96B}.Release|Any CPU.ActiveCfg = Release|Any CPU
		{77B9ABC4-C35D-4F87-AFD4-4EC53BE8A96B}.Release|Any CPU.Build.0 = Release|Any CPU
		{07DE72B1-7D5F-4805-8ECF-9012AEEE4CD4}.Debug|Any CPU.ActiveCfg = Debug|Any CPU
		{07DE72B1-7D5F-4805-8ECF-9012AEEE4CD4}.Debug|Any CPU.Build.0 = Debug|Any CPU
		{07DE72B1-7D5F-4805-8ECF-9012AEEE4CD4}.Release|Any CPU.ActiveCfg = Release|Any CPU
		{07DE72B1-7D5F-4805-8ECF-9012AEEE4CD4}.Release|Any CPU.Build.0 = Release|Any CPU
		{B8EEDBD9-8409-41A1-9B80-F4387971C099}.Debug|Any CPU.ActiveCfg = Debug|Any CPU
		{B8EEDBD9-8409-41A1-9B80-F4387971C099}.Debug|Any CPU.Build.0 = Debug|Any CPU
		{B8EEDBD9-8409-41A1-9B80-F4387971C099}.Release|Any CPU.ActiveCfg = Release|Any CPU
		{B8EEDBD9-8409-41A1-9B80-F4387971C099}.Release|Any CPU.Build.0 = Release|Any CPU
		{403E1779-DA5A-4E95-8147-2F477E690870}.Debug|Any CPU.ActiveCfg = Debug|Any CPU
		{403E1779-DA5A-4E95-8147-2F477E690870}.Debug|Any CPU.Build.0 = Debug|Any CPU
		{403E1779-DA5A-4E95-8147-2F477E690870}.Release|Any CPU.ActiveCfg = Release|Any CPU
		{403E1779-DA5A-4E95-8147-2F477E690870}.Release|Any CPU.Build.0 = Release|Any CPU
		{BD2D0928-853B-49A9-8EA9-8F6D8FCE4D23}.Debug|Any CPU.ActiveCfg = Debug|Any CPU
		{BD2D0928-853B-49A9-8EA9-8F6D8FCE4D23}.Debug|Any CPU.Build.0 = Debug|Any CPU
		{BD2D0928-853B-49A9-8EA9-8F6D8FCE4D23}.Release|Any CPU.ActiveCfg = Release|Any CPU
		{BD2D0928-853B-49A9-8EA9-8F6D8FCE4D23}.Release|Any CPU.Build.0 = Release|Any CPU
		{C7EB066A-5E61-4B68-A567-0527F8553198}.Debug|Any CPU.ActiveCfg = Debug|Any CPU
		{C7EB066A-5E61-4B68-A567-0527F8553198}.Debug|Any CPU.Build.0 = Debug|Any CPU
		{C7EB066A-5E61-4B68-A567-0527F8553198}.Release|Any CPU.ActiveCfg = Release|Any CPU
		{C7EB066A-5E61-4B68-A567-0527F8553198}.Release|Any CPU.Build.0 = Release|Any CPU
		{43AB7ABF-CD22-454D-81D3-47C3392A22B6}.Debug|Any CPU.ActiveCfg = Debug|Any CPU
		{43AB7ABF-CD22-454D-81D3-47C3392A22B6}.Debug|Any CPU.Build.0 = Debug|Any CPU
		{43AB7ABF-CD22-454D-81D3-47C3392A22B6}.Release|Any CPU.ActiveCfg = Release|Any CPU
		{43AB7ABF-CD22-454D-81D3-47C3392A22B6}.Release|Any CPU.Build.0 = Release|Any CPU
		{6D9028DC-91F3-4CB9-8CFC-ED291C75EA64}.Debug|Any CPU.ActiveCfg = Debug|Any CPU
		{6D9028DC-91F3-4CB9-8CFC-ED291C75EA64}.Debug|Any CPU.Build.0 = Debug|Any CPU
		{6D9028DC-91F3-4CB9-8CFC-ED291C75EA64}.Release|Any CPU.ActiveCfg = Release|Any CPU
		{6D9028DC-91F3-4CB9-8CFC-ED291C75EA64}.Release|Any CPU.Build.0 = Release|Any CPU
		{3353B0AA-E9D3-4485-AD29-DA9A1BF862CD}.Debug|Any CPU.ActiveCfg = Debug|Any CPU
		{3353B0AA-E9D3-4485-AD29-DA9A1BF862CD}.Debug|Any CPU.Build.0 = Debug|Any CPU
		{3353B0AA-E9D3-4485-AD29-DA9A1BF862CD}.Release|Any CPU.ActiveCfg = Release|Any CPU
		{3353B0AA-E9D3-4485-AD29-DA9A1BF862CD}.Release|Any CPU.Build.0 = Release|Any CPU
		{81FA1FDD-ED35-4BD4-B64C-9553A85732DD}.Debug|Any CPU.ActiveCfg = Debug|Any CPU
		{81FA1FDD-ED35-4BD4-B64C-9553A85732DD}.Debug|Any CPU.Build.0 = Debug|Any CPU
		{81FA1FDD-ED35-4BD4-B64C-9553A85732DD}.Release|Any CPU.ActiveCfg = Release|Any CPU
		{81FA1FDD-ED35-4BD4-B64C-9553A85732DD}.Release|Any CPU.Build.0 = Release|Any CPU
		{4F389E27-5BC8-48BC-A72B-1BC8D5E9831C}.Debug|Any CPU.ActiveCfg = Debug|Any CPU
		{4F389E27-5BC8-48BC-A72B-1BC8D5E9831C}.Debug|Any CPU.Build.0 = Debug|Any CPU
		{4F389E27-5BC8-48BC-A72B-1BC8D5E9831C}.Release|Any CPU.ActiveCfg = Release|Any CPU
		{4F389E27-5BC8-48BC-A72B-1BC8D5E9831C}.Release|Any CPU.Build.0 = Release|Any CPU
		{ABFB9BA9-787A-4A4A-9E1E-3FFA7075B1AD}.Debug|Any CPU.ActiveCfg = Debug|Any CPU
		{ABFB9BA9-787A-4A4A-9E1E-3FFA7075B1AD}.Debug|Any CPU.Build.0 = Debug|Any CPU
		{ABFB9BA9-787A-4A4A-9E1E-3FFA7075B1AD}.Release|Any CPU.ActiveCfg = Release|Any CPU
		{ABFB9BA9-787A-4A4A-9E1E-3FFA7075B1AD}.Release|Any CPU.Build.0 = Release|Any CPU
	EndGlobalSection
	GlobalSection(SolutionProperties) = preSolution
		HideSolutionNode = FALSE
	EndGlobalSection
	GlobalSection(NestedProjects) = preSolution
		{3BE9ED63-8BEA-4E17-A627-A6885D3142CF} = {B23944DF-848E-4994-B5E5-68BB21AEC2B4}
		{8701DDAE-ACE4-4E8B-B159-35CFD7B4BD4D} = {B23944DF-848E-4994-B5E5-68BB21AEC2B4}
		{28523DA5-E3EC-498A-BF0F-619A6432BE9C} = {B23944DF-848E-4994-B5E5-68BB21AEC2B4}
		{36036F83-D845-4DFB-AC67-3D5DD0A3230F} = {B23944DF-848E-4994-B5E5-68BB21AEC2B4}
		{BC4DF31A-B780-4FE7-A556-879C00D24391} = {B23944DF-848E-4994-B5E5-68BB21AEC2B4}
		{F5053711-2918-4481-967C-6CA5EFABE472} = {B23944DF-848E-4994-B5E5-68BB21AEC2B4}
		{4CDE9CA6-F0C1-4A23-B800-A6BCBA55E997} = {B23944DF-848E-4994-B5E5-68BB21AEC2B4}
		{8718AAD9-96B8-40D5-B1F1-ED92E2225267} = {4CDE9CA6-F0C1-4A23-B800-A6BCBA55E997}
		{3476A87E-099F-4F90-95ED-FB79E58625D2} = {4CDE9CA6-F0C1-4A23-B800-A6BCBA55E997}
		{616E0562-B6D0-43EE-B890-7CDD572AF275} = {4CDE9CA6-F0C1-4A23-B800-A6BCBA55E997}
		{5C266E94-A851-4402-8CE6-82834519D464} = {4CDE9CA6-F0C1-4A23-B800-A6BCBA55E997}
		{2A31011E-0716-49C3-8D4A-D90F961E28D7} = {4CDE9CA6-F0C1-4A23-B800-A6BCBA55E997}
		{241A99F5-147D-40CD-9A18-4B50E8506F77} = {4CDE9CA6-F0C1-4A23-B800-A6BCBA55E997}
		{2250DEA9-840C-49D3-928C-196947D37D88} = {B23944DF-848E-4994-B5E5-68BB21AEC2B4}
		{FC91133D-83F0-490B-83F2-E8F9B66FFE05} = {2250DEA9-840C-49D3-928C-196947D37D88}
		{592AABDA-4937-4C63-9510-A46A4DE55A5F} = {2250DEA9-840C-49D3-928C-196947D37D88}
		{53DAD363-D195-4242-A3F6-BCC5CCAD3412} = {2250DEA9-840C-49D3-928C-196947D37D88}
		{C71454D7-AB88-4A1B-B1E9-2664DF20D99B} = {2250DEA9-840C-49D3-928C-196947D37D88}
		{31AC4B43-CC92-4240-BA88-39025DC1A2B3} = {2250DEA9-840C-49D3-928C-196947D37D88}
		{323FF002-B65E-4DCC-9FAD-1C322AD54B76} = {B23944DF-848E-4994-B5E5-68BB21AEC2B4}
		{AE4684DC-C491-4BAE-80C2-5998DAF583D8} = {B23944DF-848E-4994-B5E5-68BB21AEC2B4}
		{792259C2-082C-45A0-80A3-3B5B3A52471B} = {B23944DF-848E-4994-B5E5-68BB21AEC2B4}
		{F73C510C-AC1A-45F0-B0F5-475CA76BBE72} = {792259C2-082C-45A0-80A3-3B5B3A52471B}
		{3999BCF8-2819-4156-9C75-602C160419F7} = {B23944DF-848E-4994-B5E5-68BB21AEC2B4}
		{7C7585E8-DF91-46FD-958C-1FED2239CFD0} = {792259C2-082C-45A0-80A3-3B5B3A52471B}
		{0BA0F20F-ECE4-4BA1-A32D-B5B94923A33C} = {792259C2-082C-45A0-80A3-3B5B3A52471B}
		{F48AC5D3-F7ED-4A4D-99DD-2435C1FB2F5D} = {792259C2-082C-45A0-80A3-3B5B3A52471B}
		{53B20EB6-DB21-4A7B-A8F5-A6A6EA1AF723} = {792259C2-082C-45A0-80A3-3B5B3A52471B}
		{E49685CD-E0B7-40D7-BA6E-2090E7A023C6} = {4CDE9CA6-F0C1-4A23-B800-A6BCBA55E997}
		{B22642F0-EFF2-4929-B004-33E703CF0D71} = {792259C2-082C-45A0-80A3-3B5B3A52471B}
		{6B6D5715-1048-405B-BADC-F1716E191436} = {3999BCF8-2819-4156-9C75-602C160419F7}
		{11234BA1-55F0-4CAF-823F-260BCDEB2B1E} = {3999BCF8-2819-4156-9C75-602C160419F7}
		{2418908D-2FFD-4649-9276-C556DFC162AE} = {B23944DF-848E-4994-B5E5-68BB21AEC2B4}
		{182FFDF3-C665-4781-8FC6-3FB5024C788F} = {B23944DF-848E-4994-B5E5-68BB21AEC2B4}
		{77B9ABC4-C35D-4F87-AFD4-4EC53BE8A96B} = {3999BCF8-2819-4156-9C75-602C160419F7}
		{07DE72B1-7D5F-4805-8ECF-9012AEEE4CD4} = {3999BCF8-2819-4156-9C75-602C160419F7}
		{B8EEDBD9-8409-41A1-9B80-F4387971C099} = {2250DEA9-840C-49D3-928C-196947D37D88}
		{403E1779-DA5A-4E95-8147-2F477E690870} = {2250DEA9-840C-49D3-928C-196947D37D88}
		{BD2D0928-853B-49A9-8EA9-8F6D8FCE4D23} = {3999BCF8-2819-4156-9C75-602C160419F7}
		{C7EB066A-5E61-4B68-A567-0527F8553198} = {3999BCF8-2819-4156-9C75-602C160419F7}
		{337B4D1F-1CFD-4729-B2CB-9B0476756118} = {B23944DF-848E-4994-B5E5-68BB21AEC2B4}
		{43AB7ABF-CD22-454D-81D3-47C3392A22B6} = {337B4D1F-1CFD-4729-B2CB-9B0476756118}
		{6D9028DC-91F3-4CB9-8CFC-ED291C75EA64} = {337B4D1F-1CFD-4729-B2CB-9B0476756118}
		{3353B0AA-E9D3-4485-AD29-DA9A1BF862CD} = {337B4D1F-1CFD-4729-B2CB-9B0476756118}
		{81FA1FDD-ED35-4BD4-B64C-9553A85732DD} = {337B4D1F-1CFD-4729-B2CB-9B0476756118}
		{4F389E27-5BC8-48BC-A72B-1BC8D5E9831C} = {337B4D1F-1CFD-4729-B2CB-9B0476756118}
		{ABFB9BA9-787A-4A4A-9E1E-3FFA7075B1AD} = {337B4D1F-1CFD-4729-B2CB-9B0476756118}
	EndGlobalSection
	GlobalSection(ExtensibilityGlobals) = postSolution
		SolutionGuid = {2E55F00C-A40F-4593-BFED-327A64814F20}
	EndGlobalSection
EndGlobal
