
Microsoft Visual Studio Solution File, Format Version 12.00
# Visual Studio 15
VisualStudioVersion = 15.0.27130.2010
MinimumVisualStudioVersion = 10.0.40219.1
Project("{FAE04EC0-301F-11D3-BF4B-00C04F79EFBC}") = "Matrix.Agent.Business", "Matrix.Agent.Business\Matrix.Agent.Business.csproj", "{8701DDAE-ACE4-4E8B-B159-35CFD7B4BD4D}"
EndProject
Project("{FAE04EC0-301F-11D3-BF4B-00C04F79EFBC}") = "Matrix.Agent.Configuration", "Matrix.Agent.Configuration\Matrix.Agent.Configuration.csproj", "{28523DA5-E3EC-498A-BF0F-619A6432BE9C}"
EndProject
Project("{FAE04EC0-301F-11D3-BF4B-00C04F79EFBC}") = "Matrix.Agent.Model", "Matrix.Agent.Model\Matrix.Agent.Model.csproj", "{323FF002-B65E-4DCC-9FAD-1C322AD54B76}"
EndProject
Project("{FAE04EC0-301F-11D3-BF4B-00C04F79EFBC}") = "Matrix.Agent.Database", "Matrix.Agent.Database\Matrix.Agent.Database.csproj", "{36036F83-D845-4DFB-AC67-3D5DD0A3230F}"
EndProject
Project("{FAE04EC0-301F-11D3-BF4B-00C04F79EFBC}") = "Matrix.Agent.Middlewares", "Matrix.Agent.Middlewares\Matrix.Agent.Middlewares.csproj", "{AE4684DC-C491-4BAE-80C2-5998DAF583D8}"
EndProject
Project("{FAE04EC0-301F-11D3-BF4B-00C04F79EFBC}") = "Matrix.Agent.Jobs", "Matrix.Agent.Jobs\Matrix.Agent.Jobs.csproj", "{F5053711-2918-4481-967C-6CA5EFABE472}"
EndProject
Project("{FAE04EC0-301F-11D3-BF4B-00C04F79EFBC}") = "Matrix.Agent.Host", "Matrix.Agent.Host\Matrix.Agent.Host.csproj", "{BC4DF31A-B780-4FE7-A556-879C00D24391}"
EndProject
Project("{2150E333-8FDC-42A3-9474-1A3956D46DE8}") = "Solution Items", "Solution Items", "{FD95F70A-F17B-4EF6-A07C-A2007D18C408}"
	ProjectSection(SolutionItems) = preProject
		publish.bat = publish.bat
	EndProjectSection
EndProject
Global
	GlobalSection(SolutionConfigurationPlatforms) = preSolution
		Debug|Any CPU = Debug|Any CPU
		Release|Any CPU = Release|Any CPU
	EndGlobalSection
	GlobalSection(ProjectConfigurationPlatforms) = postSolution
		{8701DDAE-ACE4-4E8B-B159-35CFD7B4BD4D}.Debug|Any CPU.ActiveCfg = Debug|Any CPU
		{8701DDAE-ACE4-4E8B-B159-35CFD7B4BD4D}.Debug|Any CPU.Build.0 = Debug|Any CPU
		{8701DDAE-ACE4-4E8B-B159-35CFD7B4BD4D}.Release|Any CPU.ActiveCfg = Release|Any CPU
		{8701DDAE-ACE4-4E8B-B159-35CFD7B4BD4D}.Release|Any CPU.Build.0 = Release|Any CPU
		{28523DA5-E3EC-498A-BF0F-619A6432BE9C}.Debug|Any CPU.ActiveCfg = Debug|Any CPU
		{28523DA5-E3EC-498A-BF0F-619A6432BE9C}.Debug|Any CPU.Build.0 = Debug|Any CPU
		{28523DA5-E3EC-498A-BF0F-619A6432BE9C}.Release|Any CPU.ActiveCfg = Release|Any CPU
		{28523DA5-E3EC-498A-BF0F-619A6432BE9C}.Release|Any CPU.Build.0 = Release|Any CPU
		{323FF002-B65E-4DCC-9FAD-1C322AD54B76}.Debug|Any CPU.ActiveCfg = Debug|Any CPU
		{323FF002-B65E-4DCC-9FAD-1C322AD54B76}.Debug|Any CPU.Build.0 = Debug|Any CPU
		{323FF002-B65E-4DCC-9FAD-1C322AD54B76}.Release|Any CPU.ActiveCfg = Release|Any CPU
		{323FF002-B65E-4DCC-9FAD-1C322AD54B76}.Release|Any CPU.Build.0 = Release|Any CPU
		{36036F83-D845-4DFB-AC67-3D5DD0A3230F}.Debug|Any CPU.ActiveCfg = Debug|Any CPU
		{36036F83-D845-4DFB-AC67-3D5DD0A3230F}.Debug|Any CPU.Build.0 = Debug|Any CPU
		{36036F83-D845-4DFB-AC67-3D5DD0A3230F}.Release|Any CPU.ActiveCfg = Release|Any CPU
		{36036F83-D845-4DFB-AC67-3D5DD0A3230F}.Release|Any CPU.Build.0 = Release|Any CPU
		{AE4684DC-C491-4BAE-80C2-5998DAF583D8}.Debug|Any CPU.ActiveCfg = Debug|Any CPU
		{AE4684DC-C491-4BAE-80C2-5998DAF583D8}.Debug|Any CPU.Build.0 = Debug|Any CPU
		{AE4684DC-C491-4BAE-80C2-5998DAF583D8}.Release|Any CPU.ActiveCfg = Release|Any CPU
		{AE4684DC-C491-4BAE-80C2-5998DAF583D8}.Release|Any CPU.Build.0 = Release|Any CPU
		{F5053711-2918-4481-967C-6CA5EFABE472}.Debug|Any CPU.ActiveCfg = Debug|Any CPU
		{F5053711-2918-4481-967C-6CA5EFABE472}.Debug|Any CPU.Build.0 = Debug|Any CPU
		{F5053711-2918-4481-967C-6CA5EFABE472}.Release|Any CPU.ActiveCfg = Release|Any CPU
		{F5053711-2918-4481-967C-6CA5EFABE472}.Release|Any CPU.Build.0 = Release|Any CPU
		{BC4DF31A-B780-4FE7-A556-879C00D24391}.Debug|Any CPU.ActiveCfg = Debug|Any CPU
		{BC4DF31A-B780-4FE7-A556-879C00D24391}.Debug|Any CPU.Build.0 = Debug|Any CPU
		{BC4DF31A-B780-4FE7-A556-879C00D24391}.Release|Any CPU.ActiveCfg = Release|Any CPU
		{BC4DF31A-B780-4FE7-A556-879C00D24391}.Release|Any CPU.Build.0 = Release|Any CPU
	EndGlobalSection
	GlobalSection(SolutionProperties) = preSolution
		HideSolutionNode = FALSE
	EndGlobalSection
	GlobalSection(ExtensibilityGlobals) = postSolution
		SolutionGuid = {D7A81C5C-D4C1-47AA-8A78-CF1E3D8A59FF}
	EndGlobalSection
EndGlobal
